
Microsoft Visual Studio Solution File, Format Version 12.00
# Visual Studio 15
VisualStudioVersion = 15.0.27130.2010
MinimumVisualStudioVersion = 10.0.40219.1
Project("{FAE04EC0-301F-11D3-BF4B-00C04F79EFBC}") = "FM.Redis", "FM.Redis\FM.Redis.csproj", "{2DFCF501-A900-41D8-B4C0-34D8EA315FE6}"
EndProject
Project("{FAE04EC0-301F-11D3-BF4B-00C04F79EFBC}") = "FM.Redis.Samples", "FM.Redis.Samples\FM.Redis.Samples.csproj", "{91DDA9C9-BCA6-4245-BD3E-2B4B7101E1FC}"
EndProject
Global
	GlobalSection(SolutionConfigurationPlatforms) = preSolution
		Debug|Any CPU = Debug|Any CPU
		Release|Any CPU = Release|Any CPU
	EndGlobalSection
	GlobalSection(ProjectConfigurationPlatforms) = postSolution
		{2DFCF501-A900-41D8-B4C0-34D8EA315FE6}.Debug|Any CPU.ActiveCfg = Debug|Any CPU
		{2DFCF501-A900-41D8-B4C0-34D8EA315FE6}.Debug|Any CPU.Build.0 = Debug|Any CPU
		{2DFCF501-A900-41D8-B4C0-34D8EA315FE6}.Release|Any CPU.ActiveCfg = Release|Any CPU
		{2DFCF501-A900-41D8-B4C0-34D8EA315FE6}.Release|Any CPU.Build.0 = Release|Any CPU
		{91DDA9C9-BCA6-4245-BD3E-2B4B7101E1FC}.Debug|Any CPU.ActiveCfg = Debug|Any CPU
		{91DDA9C9-BCA6-4245-BD3E-2B4B7101E1FC}.Debug|Any CPU.Build.0 = Debug|Any CPU
		{91DDA9C9-BCA6-4245-BD3E-2B4B7101E1FC}.Release|Any CPU.ActiveCfg = Release|Any CPU
		{91DDA9C9-BCA6-4245-BD3E-2B4B7101E1FC}.Release|Any CPU.Build.0 = Release|Any CPU
	EndGlobalSection
	GlobalSection(SolutionProperties) = preSolution
		HideSolutionNode = FALSE
	EndGlobalSection
	GlobalSection(ExtensibilityGlobals) = postSolution
		SolutionGuid = {6073BC21-6CC8-4611-B278-A9C39436792E}
	EndGlobalSection
EndGlobal
